{
  "name": "tylix-monorepo",
  "version": "0.1.0",
  "lockfileVersion": 3,
  "requires": true,
  "packages": {
    "": {
      "name": "tylix-monorepo",
      "version": "0.1.0",
      "license": "ISC",
      "workspaces": [
        "packages/*"
      ]
    },
    "node_modules/@tylix/cli": {
      "resolved": "packages/cli",
      "link": true
    },
    "node_modules/@tylix/generator": {
      "resolved": "packages/generator",
      "link": true
    },
    "node_modules/@tylix/shared": {
      "resolved": "packages/shared",
      "link": true
    },
    "packages/cli": {
      "name": "@tylix/cli",
      "version": "0.1.0",
      "dependencies": {
        "@tylix/generator": "*",
        "@tylix/shared": "*"
      },
      "bin": {
        "tylix": "src/index.js"
      }
    },
    "packages/generator": {
      "name": "@tylix/generator",
      "version": "0.1.0",
      "dependencies": {
        "@tylix/shared": "*"
      }
    },
    "packages/shared": {
      "name": "@tylix/shared",
      "version": "0.1.0"
    }
  }
}
